{
  "lockfileVersion": 1,
  "configVersion": 1,
  "workspaces": {
    "": {
      "name": "assistant",
      "dependencies": {
        "@ai-sdk/anthropic": "^2.0.54",
        "@letta-ai/letta-client": "^1.3.3",
        "ai": "^5.0.110",
      },
      "devDependencies": {
        "@types/bun": "latest",
        "@typescript/native-preview": "^7.0.0-dev.20251211.1",
      },
    },
  },
  "packages": {
    "@ai-sdk/anthropic": ["@ai-sdk/anthropic@2.0.54", "", { "dependencies": { "@ai-sdk/provider": "2.0.0", "@ai-sdk/provider-utils": "3.0.18" }, "peerDependencies": { "zod": "^3.25.76 || ^4.1.8" } }, "sha512-6OSFMkt5NkAchH7o0W+dI2h6yR8EPXx7Yl6txyh0gadLlkf1UU/ScyoYlkxAW8UtGju/+apvwVTdLYEQuIsVVQ=="],

    "@ai-sdk/gateway": ["@ai-sdk/gateway@2.0.19", "", { "dependencies": { "@ai-sdk/provider": "2.0.0", "@ai-sdk/provider-utils": "3.0.18", "@vercel/oidc": "3.0.5" }, "peerDependencies": { "zod": "^3.25.76 || ^4.1.8" } }, "sha512-cybb+k/3Kj9BX+Am1mun3dafZsHQLIzW2A4fu5FVTLSIGXXbcuXwXNNdYMGs+B0y6RYOQ8VHbf1QslMSDIxQMA=="],

    "@ai-sdk/provider": ["@ai-sdk/provider@2.0.0", "", { "dependencies": { "json-schema": "^0.4.0" } }, "sha512-6o7Y2SeO9vFKB8lArHXehNuusnpddKPk7xqL7T2/b+OvXMRIXUO1rR4wcv1hAFUAT9avGZshty3Wlua/XA7TvA=="],

    "@ai-sdk/provider-utils": ["@ai-sdk/provider-utils@3.0.18", "", { "dependencies": { "@ai-sdk/provider": "2.0.0", "@standard-schema/spec": "^1.0.0", "eventsource-parser": "^3.0.6" }, "peerDependencies": { "zod": "^3.25.76 || ^4.1.8" } }, "sha512-ypv1xXMsgGcNKUP+hglKqtdDuMg68nWHucPPAhIENrbFAI+xCHiqPVN8Zllxyv1TNZwGWUghPxJXU+Mqps0YRQ=="],

    "@letta-ai/letta-client": ["@letta-ai/letta-client@1.3.3", "", {}, "sha512-1pSmkmeuXAN9Lq8PXDO2YSLK0q6O39zh2BHlulVhtc8P3aNxAJF7XBteiAhL2hzb49wF2zv0mi2Uikr67CTUCw=="],

    "@opentelemetry/api": ["@opentelemetry/api@1.9.0", "", {}, "sha512-3giAOQvZiH5F9bMlMiv8+GSPMeqg0dbaeo58/0SlA9sxSqZhnUtxzX9/2FzyhS9sWQf5S0GJE0AKBrFqjpeYcg=="],

    "@standard-schema/spec": ["@standard-schema/spec@1.0.0", "", {}, "sha512-m2bOd0f2RT9k8QJx1JN85cZYyH1RqFBdlwtkSlf4tBDYLCiiZnv1fIIwacK6cqwXavOydf0NPToMQgpKq+dVlA=="],

    "@types/bun": ["@types/bun@1.3.4", "", { "dependencies": { "bun-types": "1.3.4" } }, "sha512-EEPTKXHP+zKGPkhRLv+HI0UEX8/o+65hqARxLy8Ov5rIxMBPNTjeZww00CIihrIQGEQBYg+0roO5qOnS/7boGA=="],

    "@types/node": ["@types/node@25.0.0", "", { "dependencies": { "undici-types": "~7.16.0" } }, "sha512-rl78HwuZlaDIUSeUKkmogkhebA+8K1Hy7tddZuJ3D0xV8pZSfsYGTsliGUol1JPzu9EKnTxPC4L1fiWouStRew=="],

    "@typescript/native-preview": ["@typescript/native-preview@7.0.0-dev.20251211.1", "", { "optionalDependencies": { "@typescript/native-preview-darwin-arm64": "7.0.0-dev.20251211.1", "@typescript/native-preview-darwin-x64": "7.0.0-dev.20251211.1", "@typescript/native-preview-linux-arm": "7.0.0-dev.20251211.1", "@typescript/native-preview-linux-arm64": "7.0.0-dev.20251211.1", "@typescript/native-preview-linux-x64": "7.0.0-dev.20251211.1", "@typescript/native-preview-win32-arm64": "7.0.0-dev.20251211.1", "@typescript/native-preview-win32-x64": "7.0.0-dev.20251211.1" }, "bin": { "tsgo": "bin/tsgo.js" } }, "sha512-RXuRj/zn2tWrria1eea1mzOVmUjNHdOZsxlcnXLy2BjXil+ncgdMFARWryeXP2+NPmGTwC+ERJ5YAuwU8n4nlg=="],

    "@typescript/native-preview-darwin-arm64": ["@typescript/native-preview-darwin-arm64@7.0.0-dev.20251211.1", "", { "os": "darwin", "cpu": "arm64" }, "sha512-0TSLj8s2M1eQXnQV0+DMFCnJF4vqNobTaeKzMpR8oHOsD2az93knOUixsZk0Nyf3jYzgszDakNXhp0K3fzWWAw=="],

    "@typescript/native-preview-darwin-x64": ["@typescript/native-preview-darwin-x64@7.0.0-dev.20251211.1", "", { "os": "darwin", "cpu": "x64" }, "sha512-Nv6+4H1SxjkbOLQZjbAjivTtFmPpeGiXKXh/8/UwkQW3Bom/L+owCfJNffsMKalKdDa/eYRW0uaoAk0dcU4c4A=="],

    "@typescript/native-preview-linux-arm": ["@typescript/native-preview-linux-arm@7.0.0-dev.20251211.1", "", { "os": "linux", "cpu": "arm" }, "sha512-6Y6VqTMfgvt8f1P5FHNIT/O/L0lSw5MHOcVOnrZEfvOAUXE+cCmC5VvtFh1Paa1Zu+oTBnCu5EvIwemHl4V73A=="],

    "@typescript/native-preview-linux-arm64": ["@typescript/native-preview-linux-arm64@7.0.0-dev.20251211.1", "", { "os": "linux", "cpu": "arm64" }, "sha512-sJapYFFiJnTeK/d2LmoQaTQKzMm8zquQAaAJaual+yu4sVKbP6sZRZ1GVS4FDISJvUrlajpLWxtfQTHR4dlgeQ=="],

    "@typescript/native-preview-linux-x64": ["@typescript/native-preview-linux-x64@7.0.0-dev.20251211.1", "", { "os": "linux", "cpu": "x64" }, "sha512-bJfieFUeJRGsjByfeShQYXbFRbJ4k14/Sp1HQ2Eu8yOd+hUpOj7fsax7b5B2XvE4cSuC+dRV2FVOCZQNaL4u2Q=="],

    "@typescript/native-preview-win32-arm64": ["@typescript/native-preview-win32-arm64@7.0.0-dev.20251211.1", "", { "os": "win32", "cpu": "arm64" }, "sha512-0vZ1NQmLyRf1bLaBjHFem1pLsJJnPMOCfScgM616cJpkbqqGEAgXfOnxKOUxiZ6X+hfx09gXn+5wq7zjaV0aag=="],

    "@typescript/native-preview-win32-x64": ["@typescript/native-preview-win32-x64@7.0.0-dev.20251211.1", "", { "os": "win32", "cpu": "x64" }, "sha512-OUB0nNmzZeCl0KjxeG7R+Ey1gq8iaVoJJRJpwKiTj6Ws5voKOb6PxNoM2jMNqJV3R/d3PXfR7Y39/IINioa/CQ=="],

    "@vercel/oidc": ["@vercel/oidc@3.0.5", "", {}, "sha512-fnYhv671l+eTTp48gB4zEsTW/YtRgRPnkI2nT7x6qw5rkI1Lq2hTmQIpHPgyThI0znLK+vX2n9XxKdXZ7BUbbw=="],

    "ai": ["ai@5.0.110", "", { "dependencies": { "@ai-sdk/gateway": "2.0.19", "@ai-sdk/provider": "2.0.0", "@ai-sdk/provider-utils": "3.0.18", "@opentelemetry/api": "1.9.0" }, "peerDependencies": { "zod": "^3.25.76 || ^4.1.8" } }, "sha512-ZBq+5bvef4e5qoIG4U6NJ1UpCPWGjuaWERHXbHu2T2ND3c02nJ2zlnjm+N6zAAplQPxwqm7Sb16mrRX5uQNWtQ=="],

    "bun-types": ["bun-types@1.3.4", "", { "dependencies": { "@types/node": "*" } }, "sha512-5ua817+BZPZOlNaRgGBpZJOSAQ9RQ17pkwPD0yR7CfJg+r8DgIILByFifDTa+IPDDxzf5VNhtNlcKqFzDgJvlQ=="],

    "eventsource-parser": ["eventsource-parser@3.0.6", "", {}, "sha512-Vo1ab+QXPzZ4tCa8SwIHJFaSzy4R6SHf7BY79rFBDf0idraZWAkYrDjDj8uWaSm3S2TK+hJ7/t1CEmZ7jXw+pg=="],

    "json-schema": ["json-schema@0.4.0", "", {}, "sha512-es94M3nTIfsEPisRafak+HDLfHXnKBhV3vU5eqPcS3flIWqcxJWgXHXiey3YrpaNsanY5ei1VoYEbOzijuq9BA=="],

    "undici-types": ["undici-types@7.16.0", "", {}, "sha512-Zz+aZWSj8LE6zoxD+xrjh4VfkIG8Ya6LvYkZqtUQGJPZjYl53ypCaUwWqo7eI0x66KBGeRo+mlBEkMSeSZ38Nw=="],

    "zod": ["zod@4.1.13", "", {}, "sha512-AvvthqfqrAhNH9dnfmrfKzX5upOdjUVJYFqNSlkmGf64gRaTzlPwz99IHYnVs28qYAybvAlBV+H7pn0saFY4Ig=="],
  }
}
